
Microsoft Visual Studio Solution File, Format Version 12.00
# Visual Studio Version 16
VisualStudioVersion = 16.0.31605.320
MinimumVisualStudioVersion = 10.0.40219.1
Project("{FAE04EC0-301F-11D3-BF4B-00C04F79EFBC}") = "SmartViewer.WebApp", "SmartViewer.WebApp\SmartViewer.WebApp.csproj", "{5D6B4FC7-DF6C-4A3E-8EAC-0FBF80717697}"
EndProject
Project("{2150E333-8FDC-42A3-9474-1A3956D46DE8}") = "Solution Items", "Solution Items", "{F6E913D7-E64C-447F-8694-CCC8E7C3F9F8}"
	ProjectSection(SolutionItems) = preProject
		README.md = README.md
	EndProjectSection
EndProject
Project("{FAE04EC0-301F-11D3-BF4B-00C04F79EFBC}") = "SmartViewer.Data", "SmartViewer.Data\SmartViewer.Data.csproj", "{1EBDA398-3C17-4CE9-9B72-7E88F00CEE61}"
EndProject
Project("{FAE04EC0-301F-11D3-BF4B-00C04F79EFBC}") = "SmartViewer.Application", "SmartViewer.Application\SmartViewer.Application.csproj", "{6BA02388-9935-4D1B-9138-C3574CC0AF6D}"
EndProject
Global
	GlobalSection(SolutionConfigurationPlatforms) = preSolution
		Debug|Any CPU = Debug|Any CPU
		Release|Any CPU = Release|Any CPU
	EndGlobalSection
	GlobalSection(ProjectConfigurationPlatforms) = postSolution
		{5D6B4FC7-DF6C-4A3E-8EAC-0FBF80717697}.Debug|Any CPU.ActiveCfg = Debug|Any CPU
		{5D6B4FC7-DF6C-4A3E-8EAC-0FBF80717697}.Debug|Any CPU.Build.0 = Debug|Any CPU
		{5D6B4FC7-DF6C-4A3E-8EAC-0FBF80717697}.Release|Any CPU.ActiveCfg = Release|Any CPU
		{5D6B4FC7-DF6C-4A3E-8EAC-0FBF80717697}.Release|Any CPU.Build.0 = Release|Any CPU
		{1EBDA398-3C17-4CE9-9B72-7E88F00CEE61}.Debug|Any CPU.ActiveCfg = Debug|Any CPU
		{1EBDA398-3C17-4CE9-9B72-7E88F00CEE61}.Debug|Any CPU.Build.0 = Debug|Any CPU
		{1EBDA398-3C17-4CE9-9B72-7E88F00CEE61}.Release|Any CPU.ActiveCfg = Release|Any CPU
		{1EBDA398-3C17-4CE9-9B72-7E88F00CEE61}.Release|Any CPU.Build.0 = Release|Any CPU
		{6BA02388-9935-4D1B-9138-C3574CC0AF6D}.Debug|Any CPU.ActiveCfg = Debug|Any CPU
		{6BA02388-9935-4D1B-9138-C3574CC0AF6D}.Debug|Any CPU.Build.0 = Debug|Any CPU
		{6BA02388-9935-4D1B-9138-C3574CC0AF6D}.Release|Any CPU.ActiveCfg = Release|Any CPU
		{6BA02388-9935-4D1B-9138-C3574CC0AF6D}.Release|Any CPU.Build.0 = Release|Any CPU
	EndGlobalSection
	GlobalSection(SolutionProperties) = preSolution
		HideSolutionNode = FALSE
	EndGlobalSection
	GlobalSection(ExtensibilityGlobals) = postSolution
		SolutionGuid = {2BA89D51-8CD4-4A50-ADE6-51A9FAE9086A}
	EndGlobalSection
EndGlobal
